
Microsoft Visual Studio Solution File, Format Version 12.00
# Visual Studio Version 17
VisualStudioVersion = 17.7.34031.279
MinimumVisualStudioVersion = 10.0.40219.1
Project("{FAE04EC0-301F-11D3-BF4B-00C04F79EFBC}") = "ConsoleApp42", "ConsoleApp42\ConsoleApp42.csproj", "{F44DA324-5DAF-40FC-B929-5298BCC9B9BE}"
EndProject
Global
	GlobalSection(SolutionConfigurationPlatforms) = preSolution
		Debug|Any CPU = Debug|Any CPU
		Release|Any CPU = Release|Any CPU
	EndGlobalSection
	GlobalSection(ProjectConfigurationPlatforms) = postSolution
		{F44DA324-5DAF-40FC-B929-5298BCC9B9BE}.Debug|Any CPU.ActiveCfg = Debug|Any CPU
		{F44DA324-5DAF-40FC-B929-5298BCC9B9BE}.Debug|Any CPU.Build.0 = Debug|Any CPU
		{F44DA324-5DAF-40FC-B929-5298BCC9B9BE}.Release|Any CPU.ActiveCfg = Release|Any CPU
		{F44DA324-5DAF-40FC-B929-5298BCC9B9BE}.Release|Any CPU.Build.0 = Release|Any CPU
	EndGlobalSection
	GlobalSection(SolutionProperties) = preSolution
		HideSolutionNode = FALSE
	EndGlobalSection
	GlobalSection(ExtensibilityGlobals) = postSolution
		SolutionGuid = {C5C759BA-26FA-4574-B43C-138661547E7A}
	EndGlobalSection
EndGlobal
